#
# This file is autogenerated by pip-compile with Python 3.13
# by the following command:
#
#    pip-compile --extra=dev --output-file=requirements.lock pyproject.toml
#
annotated-types==0.7.0
    # via pydantic
ast-serialize==0.5.0
    # via mypy
build==1.5.0
    # via pip-tools
certifi==2026.6.17
    # via requests
charset-normalizer==3.4.7
    # via requests
click==8.4.1
    # via pip-tools
idna==3.18
    # via requests
iniconfig==2.3.0
    # via pytest
joblib==1.5.3
    # via scikit-learn
librt==0.11.0
    # via mypy
mypy==2.1.0
    # via wc2026-predictor (pyproject.toml)
mypy-extensions==1.1.0
    # via
    #   mypy
    #   typing-inspect
narwhals==2.22.1
    # via scikit-learn
numpy==2.4.6
    # via
    #   pandas
    #   scikit-learn
    #   scipy
    #   wc2026-predictor (pyproject.toml)
packaging==26.2
    # via
    #   build
    #   pandera
    #   pytest
    #   wheel
pandas==3.0.3
    # via wc2026-predictor (pyproject.toml)
pandera==0.32.0
    # via wc2026-predictor (pyproject.toml)
pathspec==1.1.1
    # via mypy
pip-tools==7.5.3
    # via wc2026-predictor (pyproject.toml)
pluggy==1.6.0
    # via pytest
pydantic==2.13.4
    # via pandera
pydantic-core==2.46.4
    # via pydantic
pygments==2.20.0
    # via pytest
pyproject-hooks==1.2.0
    # via
    #   build
    #   pip-tools
pytest==9.1.1
    # via wc2026-predictor (pyproject.toml)
python-dateutil==2.9.0.post0
    # via pandas
requests==2.34.2
    # via wc2026-predictor (pyproject.toml)
ruff==0.15.18
    # via wc2026-predictor (pyproject.toml)
scikit-learn==1.9.0
    # via wc2026-predictor (pyproject.toml)
scipy==1.18.0
    # via scikit-learn
six==1.17.0
    # via python-dateutil
threadpoolctl==3.6.0
    # via scikit-learn
typeguard==4.5.2
    # via pandera
typing-extensions==4.15.0
    # via
    #   mypy
    #   pandera
    #   pydantic
    #   pydantic-core
    #   typeguard
    #   typing-inspect
    #   typing-inspection
typing-inspect==0.9.0
    # via pandera
typing-inspection==0.4.2
    # via pydantic
urllib3==2.7.0
    # via requests
wheel==0.47.0
    # via pip-tools

# The following packages are considered to be unsafe in a requirements file:
# pip
# setuptools
